
Microsoft Visual Studio Solution File, Format Version 12.00
# Visual Studio 15
Project("{FAE04EC0-301F-11D3-BF4B-00C04F79EFBC}") = "Google.XR.ARCoreExtensions", "Google.XR.ARCoreExtensions.csproj", "{4F66C8B7-6F83-DA24-0C66-A0A1EBF4616D}"
EndProject
Project("{FAE04EC0-301F-11D3-BF4B-00C04F79EFBC}") = "Assembly-CSharp", "Assembly-CSharp.csproj", "{BD6F9CC7-1787-952C-BCC3-58C582F48EB9}"
EndProject
Project("{FAE04EC0-301F-11D3-BF4B-00C04F79EFBC}") = "Google.XR.ARCoreExtensions.Editor", "Google.XR.ARCoreExtensions.Editor.csproj", "{6D3BA781-8EFF-4E22-3336-43A0009FE3A6}"
EndProject
Global
	GlobalSection(SolutionConfigurationPlatforms) = preSolution
		Debug|Any CPU = Debug|Any CPU
		Release|Any CPU = Release|Any CPU
	EndGlobalSection
	GlobalSection(ProjectConfigurationPlatforms) = postSolution
		{4F66C8B7-6F83-DA24-0C66-A0A1EBF4616D}.Debug|Any CPU.ActiveCfg = Debug|Any CPU
		{4F66C8B7-6F83-DA24-0C66-A0A1EBF4616D}.Debug|Any CPU.Build.0 = Debug|Any CPU
		{4F66C8B7-6F83-DA24-0C66-A0A1EBF4616D}.Release|Any CPU.ActiveCfg = Release|Any CPU
		{4F66C8B7-6F83-DA24-0C66-A0A1EBF4616D}.Release|Any CPU.Build.0 = Release|Any CPU
		{BD6F9CC7-1787-952C-BCC3-58C582F48EB9}.Debug|Any CPU.ActiveCfg = Debug|Any CPU
		{BD6F9CC7-1787-952C-BCC3-58C582F48EB9}.Debug|Any CPU.Build.0 = Debug|Any CPU
		{BD6F9CC7-1787-952C-BCC3-58C582F48EB9}.Release|Any CPU.ActiveCfg = Release|Any CPU
		{BD6F9CC7-1787-952C-BCC3-58C582F48EB9}.Release|Any CPU.Build.0 = Release|Any CPU
		{6D3BA781-8EFF-4E22-3336-43A0009FE3A6}.Debug|Any CPU.ActiveCfg = Debug|Any CPU
		{6D3BA781-8EFF-4E22-3336-43A0009FE3A6}.Debug|Any CPU.Build.0 = Debug|Any CPU
		{6D3BA781-8EFF-4E22-3336-43A0009FE3A6}.Release|Any CPU.ActiveCfg = Release|Any CPU
		{6D3BA781-8EFF-4E22-3336-43A0009FE3A6}.Release|Any CPU.Build.0 = Release|Any CPU
	EndGlobalSection
	GlobalSection(SolutionProperties) = preSolution
		HideSolutionNode = FALSE
	EndGlobalSection
EndGlobal
